
Microsoft Visual Studio Solution File, Format Version 12.00
# Visual Studio Version 17
VisualStudioVersion = 17.8.34511.84
MinimumVisualStudioVersion = 10.0.40219.1
Project("{FAE04EC0-301F-11D3-BF4B-00C04F79EFBC}") = "GenericApplication.API", "GenericApplication.API\GenericApplication.API.csproj", "{51488AE2-AE3B-4062-960A-802EF551A0C1}"
EndProject
Project("{FAE04EC0-301F-11D3-BF4B-00C04F79EFBC}") = "GenericApplication.Domain", "GenericApplication.Domain\GenericApplication.Domain.csproj", "{245C0004-3AF2-413D-9FF5-B80CA0E7B563}"
EndProject
Project("{FAE04EC0-301F-11D3-BF4B-00C04F79EFBC}") = "GenericApplication.Infrastructure", "GenericApplication.Infrastructure\GenericApplication.Infrastructure.csproj", "{F1831E40-B8AC-457B-9FB2-CEA37EB2450F}"
EndProject
Project("{E53339B2-1760-4266-BCC7-CA923CBCF16C}") = "docker-compose", "docker-compose.dcproj", "{381D1EE6-6268-4D1E-974E-79DF6D61CEC2}"
EndProject
Global
	GlobalSection(SolutionConfigurationPlatforms) = preSolution
		Debug|Any CPU = Debug|Any CPU
		Release|Any CPU = Release|Any CPU
	EndGlobalSection
	GlobalSection(ProjectConfigurationPlatforms) = postSolution
		{51488AE2-AE3B-4062-960A-802EF551A0C1}.Debug|Any CPU.ActiveCfg = Debug|Any CPU
		{51488AE2-AE3B-4062-960A-802EF551A0C1}.Debug|Any CPU.Build.0 = Debug|Any CPU
		{51488AE2-AE3B-4062-960A-802EF551A0C1}.Release|Any CPU.ActiveCfg = Release|Any CPU
		{51488AE2-AE3B-4062-960A-802EF551A0C1}.Release|Any CPU.Build.0 = Release|Any CPU
		{245C0004-3AF2-413D-9FF5-B80CA0E7B563}.Debug|Any CPU.ActiveCfg = Debug|Any CPU
		{245C0004-3AF2-413D-9FF5-B80CA0E7B563}.Debug|Any CPU.Build.0 = Debug|Any CPU
		{245C0004-3AF2-413D-9FF5-B80CA0E7B563}.Release|Any CPU.ActiveCfg = Release|Any CPU
		{245C0004-3AF2-413D-9FF5-B80CA0E7B563}.Release|Any CPU.Build.0 = Release|Any CPU
		{F1831E40-B8AC-457B-9FB2-CEA37EB2450F}.Debug|Any CPU.ActiveCfg = Debug|Any CPU
		{F1831E40-B8AC-457B-9FB2-CEA37EB2450F}.Debug|Any CPU.Build.0 = Debug|Any CPU
		{F1831E40-B8AC-457B-9FB2-CEA37EB2450F}.Release|Any CPU.ActiveCfg = Release|Any CPU
		{F1831E40-B8AC-457B-9FB2-CEA37EB2450F}.Release|Any CPU.Build.0 = Release|Any CPU
		{381D1EE6-6268-4D1E-974E-79DF6D61CEC2}.Debug|Any CPU.ActiveCfg = Debug|Any CPU
		{381D1EE6-6268-4D1E-974E-79DF6D61CEC2}.Debug|Any CPU.Build.0 = Debug|Any CPU
		{381D1EE6-6268-4D1E-974E-79DF6D61CEC2}.Release|Any CPU.ActiveCfg = Release|Any CPU
		{381D1EE6-6268-4D1E-974E-79DF6D61CEC2}.Release|Any CPU.Build.0 = Release|Any CPU
	EndGlobalSection
	GlobalSection(SolutionProperties) = preSolution
		HideSolutionNode = FALSE
	EndGlobalSection
	GlobalSection(ExtensibilityGlobals) = postSolution
		SolutionGuid = {7A620D30-E906-4EE5-9573-BB1F2FD3189D}
	EndGlobalSection
EndGlobal
